
Microsoft Visual Studio Solution File, Format Version 11.00
# Visual Studio 2010
Project("{FAE04EC0-301F-11D3-BF4B-00C04F79EFBC}") = "LTDT_Do an cuoi ky", "LTDT_Do an cuoi ky\LTDT_Do an cuoi ky.csproj", "{A16B6245-BDFE-4E6E-964C-029336C9EF1F}"
EndProject
Global
	GlobalSection(SolutionConfigurationPlatforms) = preSolution
		Debug|x86 = Debug|x86
		Release|x86 = Release|x86
	EndGlobalSection
	GlobalSection(ProjectConfigurationPlatforms) = postSolution
		{A16B6245-BDFE-4E6E-964C-029336C9EF1F}.Debug|x86.ActiveCfg = Debug|x86
		{A16B6245-BDFE-4E6E-964C-029336C9EF1F}.Debug|x86.Build.0 = Debug|x86
		{A16B6245-BDFE-4E6E-964C-029336C9EF1F}.Release|x86.ActiveCfg = Release|x86
		{A16B6245-BDFE-4E6E-964C-029336C9EF1F}.Release|x86.Build.0 = Release|x86
	EndGlobalSection
	GlobalSection(SolutionProperties) = preSolution
		HideSolutionNode = FALSE
	EndGlobalSection
EndGlobal
